
Microsoft Visual Studio Solution File, Format Version 12.00
# Visual Studio Version 16
VisualStudioVersion = 16.0.32106.194
MinimumVisualStudioVersion = 10.0.40219.1
Project("{FAE04EC0-301F-11D3-BF4B-00C04F79EFBC}") = "CsharpDemo", "CsharpDemo\CsharpDemo.csproj", "{3F3252D6-9CCD-4C94-B702-B443FC57B4A8}"
EndProject
Project("{FAE04EC0-301F-11D3-BF4B-00C04F79EFBC}") = "ImplicitAndExplicit", "ImplicitAndExplicit\ImplicitAndExplicit.csproj", "{AFAB63F9-0C71-485C-84EB-9EC5B5CBAB3F}"
EndProject
Project("{FAE04EC0-301F-11D3-BF4B-00C04F79EFBC}") = "StringSort", "StringSort\StringSort.csproj", "{C61CD853-B820-43A5-B76E-CF8E38365960}"
EndProject
Project("{FAE04EC0-301F-11D3-BF4B-00C04F79EFBC}") = "Pattern", "Pattern\Pattern.csproj", "{2C6DF2E6-9D16-498B-A060-F1EED50176FE}"
EndProject
Project("{FAE04EC0-301F-11D3-BF4B-00C04F79EFBC}") = "Pattern2", "Pattern2\Pattern2.csproj", "{031F5144-23EA-4147-8676-BDCAAB95C0AE}"
EndProject
Project("{FAE04EC0-301F-11D3-BF4B-00C04F79EFBC}") = "Pattern3", "Pattern3\Pattern3.csproj", "{C2C4CB47-E54B-4EE6-BAA8-859A492430EF}"
EndProject
Project("{FAE04EC0-301F-11D3-BF4B-00C04F79EFBC}") = "Series", "Series\Series.csproj", "{2EA64D1A-13FF-4451-8326-828C19230A1C}"
EndProject
Project("{FAE04EC0-301F-11D3-BF4B-00C04F79EFBC}") = "Series2", "Series2\Series2.csproj", "{023D8B9E-4F02-4045-8FC6-9EDE6164D765}"
EndProject
Project("{FAE04EC0-301F-11D3-BF4B-00C04F79EFBC}") = "Series3", "Series3\Series3.csproj", "{3F12BFD5-2B6A-4FBF-A9E2-4015BD2DD92A}"
EndProject
Project("{FAE04EC0-301F-11D3-BF4B-00C04F79EFBC}") = "Pattern4", "Pattern4\Pattern4.csproj", "{CFA4A027-3E70-4E59-8598-5E14E82E35C5}"
EndProject
Project("{FAE04EC0-301F-11D3-BF4B-00C04F79EFBC}") = "Pattern5", "Pattern5\Pattern5.csproj", "{C929B434-732E-451C-B4E1-2863F131E4D2}"
EndProject
Project("{FAE04EC0-301F-11D3-BF4B-00C04F79EFBC}") = "Pattern6", "Pattern6\Pattern6.csproj", "{7B50844E-BFF5-4CFA-BC3F-6FA8C628A92F}"
EndProject
Project("{FAE04EC0-301F-11D3-BF4B-00C04F79EFBC}") = "Program8", "Program8\Program8.csproj", "{92673C69-D15D-4407-AE46-192C2F48AE64}"
EndProject
Project("{FAE04EC0-301F-11D3-BF4B-00C04F79EFBC}") = "Program9", "Program9\Program9.csproj", "{3D7630B6-37A1-4EE1-B9FC-E3994123BE42}"
EndProject
Project("{FAE04EC0-301F-11D3-BF4B-00C04F79EFBC}") = "Program10", "Program10\Program10.csproj", "{B9462702-C194-4F1E-B34D-8080054708B4}"
EndProject
Project("{FAE04EC0-301F-11D3-BF4B-00C04F79EFBC}") = "Program11", "Program11\Program11.csproj", "{5274325F-D5DD-45E8-B5B3-1F6AACC55615}"
EndProject
Project("{FAE04EC0-301F-11D3-BF4B-00C04F79EFBC}") = "Program12", "Program12\Program12.csproj", "{B241CB0C-78D7-4B8E-B13A-210FB5DEB1D0}"
EndProject
Project("{FAE04EC0-301F-11D3-BF4B-00C04F79EFBC}") = "Program14", "Program14\Program14.csproj", "{2845579A-CA8A-4091-A62A-F64D83B411EF}"
EndProject
Project("{FAE04EC0-301F-11D3-BF4B-00C04F79EFBC}") = "Program18", "Program18\Program18.csproj", "{73B9E1B8-83DC-48D8-AC1F-DF063658E99D}"
EndProject
Project("{FAE04EC0-301F-11D3-BF4B-00C04F79EFBC}") = "Program20", "Program20\Program20.csproj", "{A1E51826-872D-461F-8B7B-BC2B203A2C59}"
EndProject
Project("{FAE04EC0-301F-11D3-BF4B-00C04F79EFBC}") = "Program21", "Program21\Program21.csproj", "{2AF8460D-744F-40FB-A4C7-41DC9022DE65}"
EndProject
Project("{FAE04EC0-301F-11D3-BF4B-00C04F79EFBC}") = "Program22", "Program22\Program22.csproj", "{27CCC21F-C578-4C49-8DCD-944C1EABE4B6}"
EndProject
Project("{FAE04EC0-301F-11D3-BF4B-00C04F79EFBC}") = "Program13", "Program13\Program13.csproj", "{50BB1D06-AB58-4FA1-8C1C-003C73AEC42A}"
EndProject
Project("{FAE04EC0-301F-11D3-BF4B-00C04F79EFBC}") = "Program23", "Program23\Program23.csproj", "{7F32C3E2-2291-4A73-8456-8123415431E2}"
EndProject
Project("{FAE04EC0-301F-11D3-BF4B-00C04F79EFBC}") = "Program24", "Program24\Program24.csproj", "{F70BFA4A-AB52-489C-A2FC-DCA3E2E30FCA}"
EndProject
Project("{FAE04EC0-301F-11D3-BF4B-00C04F79EFBC}") = "Program25", "Program25\Program25.csproj", "{93F3FBA4-1196-4C7A-8728-08399DE69C87}"
EndProject
Project("{FAE04EC0-301F-11D3-BF4B-00C04F79EFBC}") = "Program26", "Program26\Program26.csproj", "{6BD7B1E8-F7B7-4B46-A27E-180A4A19B4E4}"
EndProject
Project("{FAE04EC0-301F-11D3-BF4B-00C04F79EFBC}") = "Program27", "Program27\Program27.csproj", "{37C22E6F-A3A9-47A2-9BCF-A06E1993ABD4}"
EndProject
Project("{FAE04EC0-301F-11D3-BF4B-00C04F79EFBC}") = "Program28", "Program28\Program28.csproj", "{BA37EBBF-316F-49EE-8621-8CD727C3F3B6}"
EndProject
Project("{FAE04EC0-301F-11D3-BF4B-00C04F79EFBC}") = "Program34", "Program34\Program34.csproj", "{0675CDA7-E62F-492D-B1D9-906EFD0849DA}"
EndProject
Project("{FAE04EC0-301F-11D3-BF4B-00C04F79EFBC}") = "Program35", "Program35\Program35.csproj", "{41204B33-27A7-485F-A019-65417005A98C}"
EndProject
Project("{FAE04EC0-301F-11D3-BF4B-00C04F79EFBC}") = "Program36", "Program36\Program36.csproj", "{9F0DEEF2-438F-4EB5-A7FA-C1CD7445D2E1}"
EndProject
Project("{FAE04EC0-301F-11D3-BF4B-00C04F79EFBC}") = "Program37", "Program37\Program37.csproj", "{B4B5D915-E94E-420C-8585-34B15702DBB5}"
EndProject
Project("{FAE04EC0-301F-11D3-BF4B-00C04F79EFBC}") = "Program38", "Program38\Program38.csproj", "{B90C40A1-8FA1-4E53-B51B-46856336FBC2}"
EndProject
Project("{FAE04EC0-301F-11D3-BF4B-00C04F79EFBC}") = "Program39", "Program39\Program39.csproj", "{4B184BF1-3E2F-4623-AC2E-10F799302844}"
EndProject
Global
	GlobalSection(SolutionConfigurationPlatforms) = preSolution
		Debug|Any CPU = Debug|Any CPU
		Release|Any CPU = Release|Any CPU
	EndGlobalSection
	GlobalSection(ProjectConfigurationPlatforms) = postSolution
		{3F3252D6-9CCD-4C94-B702-B443FC57B4A8}.Debug|Any CPU.ActiveCfg = Debug|Any CPU
		{3F3252D6-9CCD-4C94-B702-B443FC57B4A8}.Debug|Any CPU.Build.0 = Debug|Any CPU
		{3F3252D6-9CCD-4C94-B702-B443FC57B4A8}.Release|Any CPU.ActiveCfg = Release|Any CPU
		{3F3252D6-9CCD-4C94-B702-B443FC57B4A8}.Release|Any CPU.Build.0 = Release|Any CPU
		{AFAB63F9-0C71-485C-84EB-9EC5B5CBAB3F}.Debug|Any CPU.ActiveCfg = Debug|Any CPU
		{AFAB63F9-0C71-485C-84EB-9EC5B5CBAB3F}.Debug|Any CPU.Build.0 = Debug|Any CPU
		{AFAB63F9-0C71-485C-84EB-9EC5B5CBAB3F}.Release|Any CPU.ActiveCfg = Release|Any CPU
		{AFAB63F9-0C71-485C-84EB-9EC5B5CBAB3F}.Release|Any CPU.Build.0 = Release|Any CPU
		{C61CD853-B820-43A5-B76E-CF8E38365960}.Debug|Any CPU.ActiveCfg = Debug|Any CPU
		{C61CD853-B820-43A5-B76E-CF8E38365960}.Debug|Any CPU.Build.0 = Debug|Any CPU
		{C61CD853-B820-43A5-B76E-CF8E38365960}.Release|Any CPU.ActiveCfg = Release|Any CPU
		{C61CD853-B820-43A5-B76E-CF8E38365960}.Release|Any CPU.Build.0 = Release|Any CPU
		{2C6DF2E6-9D16-498B-A060-F1EED50176FE}.Debug|Any CPU.ActiveCfg = Debug|Any CPU
		{2C6DF2E6-9D16-498B-A060-F1EED50176FE}.Debug|Any CPU.Build.0 = Debug|Any CPU
		{2C6DF2E6-9D16-498B-A060-F1EED50176FE}.Release|Any CPU.ActiveCfg = Release|Any CPU
		{2C6DF2E6-9D16-498B-A060-F1EED50176FE}.Release|Any CPU.Build.0 = Release|Any CPU
		{031F5144-23EA-4147-8676-BDCAAB95C0AE}.Debug|Any CPU.ActiveCfg = Debug|Any CPU
		{031F5144-23EA-4147-8676-BDCAAB95C0AE}.Debug|Any CPU.Build.0 = Debug|Any CPU
		{031F5144-23EA-4147-8676-BDCAAB95C0AE}.Release|Any CPU.ActiveCfg = Release|Any CPU
		{031F5144-23EA-4147-8676-BDCAAB95C0AE}.Release|Any CPU.Build.0 = Release|Any CPU
		{C2C4CB47-E54B-4EE6-BAA8-859A492430EF}.Debug|Any CPU.ActiveCfg = Debug|Any CPU
		{C2C4CB47-E54B-4EE6-BAA8-859A492430EF}.Debug|Any CPU.Build.0 = Debug|Any CPU
		{C2C4CB47-E54B-4EE6-BAA8-859A492430EF}.Release|Any CPU.ActiveCfg = Release|Any CPU
		{C2C4CB47-E54B-4EE6-BAA8-859A492430EF}.Release|Any CPU.Build.0 = Release|Any CPU
		{2EA64D1A-13FF-4451-8326-828C19230A1C}.Debug|Any CPU.ActiveCfg = Debug|Any CPU
		{2EA64D1A-13FF-4451-8326-828C19230A1C}.Debug|Any CPU.Build.0 = Debug|Any CPU
		{2EA64D1A-13FF-4451-8326-828C19230A1C}.Release|Any CPU.ActiveCfg = Release|Any CPU
		{2EA64D1A-13FF-4451-8326-828C19230A1C}.Release|Any CPU.Build.0 = Release|Any CPU
		{023D8B9E-4F02-4045-8FC6-9EDE6164D765}.Debug|Any CPU.ActiveCfg = Debug|Any CPU
		{023D8B9E-4F02-4045-8FC6-9EDE6164D765}.Debug|Any CPU.Build.0 = Debug|Any CPU
		{023D8B9E-4F02-4045-8FC6-9EDE6164D765}.Release|Any CPU.ActiveCfg = Release|Any CPU
		{023D8B9E-4F02-4045-8FC6-9EDE6164D765}.Release|Any CPU.Build.0 = Release|Any CPU
		{3F12BFD5-2B6A-4FBF-A9E2-4015BD2DD92A}.Debug|Any CPU.ActiveCfg = Debug|Any CPU
		{3F12BFD5-2B6A-4FBF-A9E2-4015BD2DD92A}.Debug|Any CPU.Build.0 = Debug|Any CPU
		{3F12BFD5-2B6A-4FBF-A9E2-4015BD2DD92A}.Release|Any CPU.ActiveCfg = Release|Any CPU
		{3F12BFD5-2B6A-4FBF-A9E2-4015BD2DD92A}.Release|Any CPU.Build.0 = Release|Any CPU
		{CFA4A027-3E70-4E59-8598-5E14E82E35C5}.Debug|Any CPU.ActiveCfg = Debug|Any CPU
		{CFA4A027-3E70-4E59-8598-5E14E82E35C5}.Debug|Any CPU.Build.0 = Debug|Any CPU
		{CFA4A027-3E70-4E59-8598-5E14E82E35C5}.Release|Any CPU.ActiveCfg = Release|Any CPU
		{CFA4A027-3E70-4E59-8598-5E14E82E35C5}.Release|Any CPU.Build.0 = Release|Any CPU
		{C929B434-732E-451C-B4E1-2863F131E4D2}.Debug|Any CPU.ActiveCfg = Debug|Any CPU
		{C929B434-732E-451C-B4E1-2863F131E4D2}.Debug|Any CPU.Build.0 = Debug|Any CPU
		{C929B434-732E-451C-B4E1-2863F131E4D2}.Release|Any CPU.ActiveCfg = Release|Any CPU
		{C929B434-732E-451C-B4E1-2863F131E4D2}.Release|Any CPU.Build.0 = Release|Any CPU
		{7B50844E-BFF5-4CFA-BC3F-6FA8C628A92F}.Debug|Any CPU.ActiveCfg = Debug|Any CPU
		{7B50844E-BFF5-4CFA-BC3F-6FA8C628A92F}.Debug|Any CPU.Build.0 = Debug|Any CPU
		{7B50844E-BFF5-4CFA-BC3F-6FA8C628A92F}.Release|Any CPU.ActiveCfg = Release|Any CPU
		{7B50844E-BFF5-4CFA-BC3F-6FA8C628A92F}.Release|Any CPU.Build.0 = Release|Any CPU
		{92673C69-D15D-4407-AE46-192C2F48AE64}.Debug|Any CPU.ActiveCfg = Debug|Any CPU
		{92673C69-D15D-4407-AE46-192C2F48AE64}.Debug|Any CPU.Build.0 = Debug|Any CPU
		{92673C69-D15D-4407-AE46-192C2F48AE64}.Release|Any CPU.ActiveCfg = Release|Any CPU
		{92673C69-D15D-4407-AE46-192C2F48AE64}.Release|Any CPU.Build.0 = Release|Any CPU
		{3D7630B6-37A1-4EE1-B9FC-E3994123BE42}.Debug|Any CPU.ActiveCfg = Debug|Any CPU
		{3D7630B6-37A1-4EE1-B9FC-E3994123BE42}.Debug|Any CPU.Build.0 = Debug|Any CPU
		{3D7630B6-37A1-4EE1-B9FC-E3994123BE42}.Release|Any CPU.ActiveCfg = Release|Any CPU
		{3D7630B6-37A1-4EE1-B9FC-E3994123BE42}.Release|Any CPU.Build.0 = Release|Any CPU
		{B9462702-C194-4F1E-B34D-8080054708B4}.Debug|Any CPU.ActiveCfg = Debug|Any CPU
		{B9462702-C194-4F1E-B34D-8080054708B4}.Debug|Any CPU.Build.0 = Debug|Any CPU
		{B9462702-C194-4F1E-B34D-8080054708B4}.Release|Any CPU.ActiveCfg = Release|Any CPU
		{B9462702-C194-4F1E-B34D-8080054708B4}.Release|Any CPU.Build.0 = Release|Any CPU
		{5274325F-D5DD-45E8-B5B3-1F6AACC55615}.Debug|Any CPU.ActiveCfg = Debug|Any CPU
		{5274325F-D5DD-45E8-B5B3-1F6AACC55615}.Debug|Any CPU.Build.0 = Debug|Any CPU
		{5274325F-D5DD-45E8-B5B3-1F6AACC55615}.Release|Any CPU.ActiveCfg = Release|Any CPU
		{5274325F-D5DD-45E8-B5B3-1F6AACC55615}.Release|Any CPU.Build.0 = Release|Any CPU
		{B241CB0C-78D7-4B8E-B13A-210FB5DEB1D0}.Debug|Any CPU.ActiveCfg = Debug|Any CPU
		{B241CB0C-78D7-4B8E-B13A-210FB5DEB1D0}.Debug|Any CPU.Build.0 = Debug|Any CPU
		{B241CB0C-78D7-4B8E-B13A-210FB5DEB1D0}.Release|Any CPU.ActiveCfg = Release|Any CPU
		{B241CB0C-78D7-4B8E-B13A-210FB5DEB1D0}.Release|Any CPU.Build.0 = Release|Any CPU
		{2845579A-CA8A-4091-A62A-F64D83B411EF}.Debug|Any CPU.ActiveCfg = Debug|Any CPU
		{2845579A-CA8A-4091-A62A-F64D83B411EF}.Debug|Any CPU.Build.0 = Debug|Any CPU
		{2845579A-CA8A-4091-A62A-F64D83B411EF}.Release|Any CPU.ActiveCfg = Release|Any CPU
		{2845579A-CA8A-4091-A62A-F64D83B411EF}.Release|Any CPU.Build.0 = Release|Any CPU
		{73B9E1B8-83DC-48D8-AC1F-DF063658E99D}.Debug|Any CPU.ActiveCfg = Debug|Any CPU
		{73B9E1B8-83DC-48D8-AC1F-DF063658E99D}.Debug|Any CPU.Build.0 = Debug|Any CPU
		{73B9E1B8-83DC-48D8-AC1F-DF063658E99D}.Release|Any CPU.ActiveCfg = Release|Any CPU
		{73B9E1B8-83DC-48D8-AC1F-DF063658E99D}.Release|Any CPU.Build.0 = Release|Any CPU
		{A1E51826-872D-461F-8B7B-BC2B203A2C59}.Debug|Any CPU.ActiveCfg = Debug|Any CPU
		{A1E51826-872D-461F-8B7B-BC2B203A2C59}.Debug|Any CPU.Build.0 = Debug|Any CPU
		{A1E51826-872D-461F-8B7B-BC2B203A2C59}.Release|Any CPU.ActiveCfg = Release|Any CPU
		{A1E51826-872D-461F-8B7B-BC2B203A2C59}.Release|Any CPU.Build.0 = Release|Any CPU
		{2AF8460D-744F-40FB-A4C7-41DC9022DE65}.Debug|Any CPU.ActiveCfg = Debug|Any CPU
		{2AF8460D-744F-40FB-A4C7-41DC9022DE65}.Debug|Any CPU.Build.0 = Debug|Any CPU
		{2AF8460D-744F-40FB-A4C7-41DC9022DE65}.Release|Any CPU.ActiveCfg = Release|Any CPU
		{2AF8460D-744F-40FB-A4C7-41DC9022DE65}.Release|Any CPU.Build.0 = Release|Any CPU
		{27CCC21F-C578-4C49-8DCD-944C1EABE4B6}.Debug|Any CPU.ActiveCfg = Debug|Any CPU
		{27CCC21F-C578-4C49-8DCD-944C1EABE4B6}.Debug|Any CPU.Build.0 = Debug|Any CPU
		{27CCC21F-C578-4C49-8DCD-944C1EABE4B6}.Release|Any CPU.ActiveCfg = Release|Any CPU
		{27CCC21F-C578-4C49-8DCD-944C1EABE4B6}.Release|Any CPU.Build.0 = Release|Any CPU
		{50BB1D06-AB58-4FA1-8C1C-003C73AEC42A}.Debug|Any CPU.ActiveCfg = Debug|Any CPU
		{50BB1D06-AB58-4FA1-8C1C-003C73AEC42A}.Debug|Any CPU.Build.0 = Debug|Any CPU
		{50BB1D06-AB58-4FA1-8C1C-003C73AEC42A}.Release|Any CPU.ActiveCfg = Release|Any CPU
		{50BB1D06-AB58-4FA1-8C1C-003C73AEC42A}.Release|Any CPU.Build.0 = Release|Any CPU
		{7F32C3E2-2291-4A73-8456-8123415431E2}.Debug|Any CPU.ActiveCfg = Debug|Any CPU
		{7F32C3E2-2291-4A73-8456-8123415431E2}.Debug|Any CPU.Build.0 = Debug|Any CPU
		{7F32C3E2-2291-4A73-8456-8123415431E2}.Release|Any CPU.ActiveCfg = Release|Any CPU
		{7F32C3E2-2291-4A73-8456-8123415431E2}.Release|Any CPU.Build.0 = Release|Any CPU
		{F70BFA4A-AB52-489C-A2FC-DCA3E2E30FCA}.Debug|Any CPU.ActiveCfg = Debug|Any CPU
		{F70BFA4A-AB52-489C-A2FC-DCA3E2E30FCA}.Debug|Any CPU.Build.0 = Debug|Any CPU
		{F70BFA4A-AB52-489C-A2FC-DCA3E2E30FCA}.Release|Any CPU.ActiveCfg = Release|Any CPU
		{F70BFA4A-AB52-489C-A2FC-DCA3E2E30FCA}.Release|Any CPU.Build.0 = Release|Any CPU
		{93F3FBA4-1196-4C7A-8728-08399DE69C87}.Debug|Any CPU.ActiveCfg = Debug|Any CPU
		{93F3FBA4-1196-4C7A-8728-08399DE69C87}.Debug|Any CPU.Build.0 = Debug|Any CPU
		{93F3FBA4-1196-4C7A-8728-08399DE69C87}.Release|Any CPU.ActiveCfg = Release|Any CPU
		{93F3FBA4-1196-4C7A-8728-08399DE69C87}.Release|Any CPU.Build.0 = Release|Any CPU
		{6BD7B1E8-F7B7-4B46-A27E-180A4A19B4E4}.Debug|Any CPU.ActiveCfg = Debug|Any CPU
		{6BD7B1E8-F7B7-4B46-A27E-180A4A19B4E4}.Debug|Any CPU.Build.0 = Debug|Any CPU
		{6BD7B1E8-F7B7-4B46-A27E-180A4A19B4E4}.Release|Any CPU.ActiveCfg = Release|Any CPU
		{6BD7B1E8-F7B7-4B46-A27E-180A4A19B4E4}.Release|Any CPU.Build.0 = Release|Any CPU
		{37C22E6F-A3A9-47A2-9BCF-A06E1993ABD4}.Debug|Any CPU.ActiveCfg = Debug|Any CPU
		{37C22E6F-A3A9-47A2-9BCF-A06E1993ABD4}.Debug|Any CPU.Build.0 = Debug|Any CPU
		{37C22E6F-A3A9-47A2-9BCF-A06E1993ABD4}.Release|Any CPU.ActiveCfg = Release|Any CPU
		{37C22E6F-A3A9-47A2-9BCF-A06E1993ABD4}.Release|Any CPU.Build.0 = Release|Any CPU
		{BA37EBBF-316F-49EE-8621-8CD727C3F3B6}.Debug|Any CPU.ActiveCfg = Debug|Any CPU
		{BA37EBBF-316F-49EE-8621-8CD727C3F3B6}.Debug|Any CPU.Build.0 = Debug|Any CPU
		{BA37EBBF-316F-49EE-8621-8CD727C3F3B6}.Release|Any CPU.ActiveCfg = Release|Any CPU
		{BA37EBBF-316F-49EE-8621-8CD727C3F3B6}.Release|Any CPU.Build.0 = Release|Any CPU
		{0675CDA7-E62F-492D-B1D9-906EFD0849DA}.Debug|Any CPU.ActiveCfg = Debug|Any CPU
		{0675CDA7-E62F-492D-B1D9-906EFD0849DA}.Debug|Any CPU.Build.0 = Debug|Any CPU
		{0675CDA7-E62F-492D-B1D9-906EFD0849DA}.Release|Any CPU.ActiveCfg = Release|Any CPU
		{0675CDA7-E62F-492D-B1D9-906EFD0849DA}.Release|Any CPU.Build.0 = Release|Any CPU
		{41204B33-27A7-485F-A019-65417005A98C}.Debug|Any CPU.ActiveCfg = Debug|Any CPU
		{41204B33-27A7-485F-A019-65417005A98C}.Debug|Any CPU.Build.0 = Debug|Any CPU
		{41204B33-27A7-485F-A019-65417005A98C}.Release|Any CPU.ActiveCfg = Release|Any CPU
		{41204B33-27A7-485F-A019-65417005A98C}.Release|Any CPU.Build.0 = Release|Any CPU
		{9F0DEEF2-438F-4EB5-A7FA-C1CD7445D2E1}.Debug|Any CPU.ActiveCfg = Debug|Any CPU
		{9F0DEEF2-438F-4EB5-A7FA-C1CD7445D2E1}.Debug|Any CPU.Build.0 = Debug|Any CPU
		{9F0DEEF2-438F-4EB5-A7FA-C1CD7445D2E1}.Release|Any CPU.ActiveCfg = Release|Any CPU
		{9F0DEEF2-438F-4EB5-A7FA-C1CD7445D2E1}.Release|Any CPU.Build.0 = Release|Any CPU
		{B4B5D915-E94E-420C-8585-34B15702DBB5}.Debug|Any CPU.ActiveCfg = Debug|Any CPU
		{B4B5D915-E94E-420C-8585-34B15702DBB5}.Debug|Any CPU.Build.0 = Debug|Any CPU
		{B4B5D915-E94E-420C-8585-34B15702DBB5}.Release|Any CPU.ActiveCfg = Release|Any CPU
		{B4B5D915-E94E-420C-8585-34B15702DBB5}.Release|Any CPU.Build.0 = Release|Any CPU
		{B90C40A1-8FA1-4E53-B51B-46856336FBC2}.Debug|Any CPU.ActiveCfg = Debug|Any CPU
		{B90C40A1-8FA1-4E53-B51B-46856336FBC2}.Debug|Any CPU.Build.0 = Debug|Any CPU
		{B90C40A1-8FA1-4E53-B51B-46856336FBC2}.Release|Any CPU.ActiveCfg = Release|Any CPU
		{B90C40A1-8FA1-4E53-B51B-46856336FBC2}.Release|Any CPU.Build.0 = Release|Any CPU
		{4B184BF1-3E2F-4623-AC2E-10F799302844}.Debug|Any CPU.ActiveCfg = Debug|Any CPU
		{4B184BF1-3E2F-4623-AC2E-10F799302844}.Debug|Any CPU.Build.0 = Debug|Any CPU
		{4B184BF1-3E2F-4623-AC2E-10F799302844}.Release|Any CPU.ActiveCfg = Release|Any CPU
		{4B184BF1-3E2F-4623-AC2E-10F799302844}.Release|Any CPU.Build.0 = Release|Any CPU
	EndGlobalSection
	GlobalSection(SolutionProperties) = preSolution
		HideSolutionNode = FALSE
	EndGlobalSection
	GlobalSection(ExtensibilityGlobals) = postSolution
		SolutionGuid = {1D60D3A4-BB4A-42A7-BF23-8FDDE3B40FC0}
	EndGlobalSection
EndGlobal
